// !$*UTF8*$!
{
	archiveVersion = 1;
	classes = {
	};
	objectVersion = 77;
	objects = {

/* Begin PBXBuildFile section */
		4D0BB6D92F18A51200D80143 /* Moya in Frameworks */ = {isa = PBXBuildFile; productRef = 4D0BB6D82F18A51200D80143 /* Moya */; };
		9854D9352F2C7ADA00248052 /* KakaoSDKAuth in Frameworks */ = {isa = PBXBuildFile; productRef = 9854D9342F2C7ADA00248052 /* KakaoSDKAuth */; };
		9854D9372F2C7ADA00248052 /* KakaoSDKCommon in Frameworks */ = {isa = PBXBuildFile; productRef = 9854D9362F2C7ADA00248052 /* KakaoSDKCommon */; };
		9854D9392F2C7ADA00248052 /* KakaoSDKUser in Frameworks */ = {isa = PBXBuildFile; productRef = 9854D9382F2C7ADA00248052 /* KakaoSDKUser */; settings = {ATTRIBUTES = (Required, ); }; };
		9854DD932F342FA300248052 /* Kingfisher in Frameworks */ = {isa = PBXBuildFile; productRef = 9854DD922F342FA300248052 /* Kingfisher */; };
/* End PBXBuildFile section */

/* Begin PBXContainerItemProxy section */
		9854DD0E2F2FAA0900248052 /* PBXContainerItemProxy */ = {
			isa = PBXContainerItemProxy;
			containerPortal = 696FDA2E2F102DC100F3678F /* Project object */;
			proxyType = 1;
			remoteGlobalIDString = 696FDA352F102DC100F3678F;
			remoteInfo = ReMU;
		};
/* End PBXContainerItemProxy section */

/* Begin PBXFileReference section */
		696FDA362F102DC100F3678F /* ReMU.app */ = {isa = PBXFileReference; explicitFileType = wrapper.application; includeInIndex = 0; path = ReMU.app; sourceTree = BUILT_PRODUCTS_DIR; };
		9854DD0A2F2FAA0900248052 /* ReMU_Tests.xctest */ = {isa = PBXFileReference; explicitFileType = wrapper.cfbundle; includeInIndex = 0; path = ReMU_Tests.xctest; sourceTree = BUILT_PRODUCTS_DIR; };
/* End PBXFileReference section */

/* Begin PBXFileSystemSynchronizedBuildFileExceptionSet section */
		4D1B02422F12AB24001171F2 /* Exceptions for "ReMU" folder in "ReMU" target */ = {
			isa = PBXFileSystemSynchronizedBuildFileExceptionSet;
			membershipExceptions = (
				Common/UIComponents/.gitkeep,
				Core/Actor/.gitkeep,
				Core/DIContainer/.gitkeep,
				Core/Utils/.gitkeep,
				Info.plist,
				Models/DTO/.gitkeep,
				Resource/UIConstants/.gitkeep,
			);
			target = 696FDA352F102DC100F3678F /* ReMU */;
		};
/* End PBXFileSystemSynchronizedBuildFileExceptionSet section */

/* Begin PBXFileSystemSynchronizedRootGroup section */
		696FDA382F102DC100F3678F /* ReMU */ = {
			isa = PBXFileSystemSynchronizedRootGroup;
			exceptions = (
				4D1B02422F12AB24001171F2 /* Exceptions for "ReMU" folder in "ReMU" target */,
			);
			path = ReMU;
			sourceTree = "<group>";
		};
		9854DD0B2F2FAA0900248052 /* ReMU_Tests */ = {
			isa = PBXFileSystemSynchronizedRootGroup;
			path = ReMU_Tests;
			sourceTree = "<group>";
		};
/* End PBXFileSystemSynchronizedRootGroup section */

/* Begin PBXFrameworksBuildPhase section */
		696FDA332F102DC100F3678F /* Frameworks */ = {
			isa = PBXFrameworksBuildPhase;
			buildActionMask = 2147483647;
			files = (
				9854D9392F2C7ADA00248052 /* KakaoSDKUser in Frameworks */,
				4D0BB6D92F18A51200D80143 /* Moya in Frameworks */,
				9854D9372F2C7ADA00248052 /* KakaoSDKCommon in Frameworks */,
				9854D9352F2C7ADA00248052 /* KakaoSDKAuth in Frameworks */,
				9854DD932F342FA300248052 /* Kingfisher in Frameworks */,
			);
			runOnlyForDeploymentPostprocessing = 0;
		};
		9854DD072F2FAA0900248052 /* Frameworks */ = {
			isa = PBXFrameworksBuildPhase;
			buildActionMask = 2147483647;
			files = (
			);
			runOnlyForDeploymentPostprocessing = 0;
		};
/* End PBXFrameworksBuildPhase section */

/* Begin PBXGroup section */
		4D0BB6D72F18A4FD00D80143 /* Frameworks */ = {
			isa = PBXGroup;
			children = (
			);
			name = Frameworks;
			sourceTree = "<group>";
		};
		696FDA2D2F102DC100F3678F = {
			isa = PBXGroup;
			children = (
				696FDA382F102DC100F3678F /* ReMU */,
				9854DD0B2F2FAA0900248052 /* ReMU_Tests */,
				4D0BB6D72F18A4FD00D80143 /* Frameworks */,
				696FDA372F102DC100F3678F /* Products */,
			);
			sourceTree = "<group>";
		};
		696FDA372F102DC100F3678F /* Products */ = {
			isa = PBXGroup;
			children = (
				696FDA362F102DC100F3678F /* ReMU.app */,
				9854DD0A2F2FAA0900248052 /* ReMU_Tests.xctest */,
			);
			name = Products;
			sourceTree = "<group>";
		};
/* End PBXGroup section */

/* Begin PBXNativeTarget section */
		696FDA352F102DC100F3678F /* ReMU */ = {
			isa = PBXNativeTarget;
			buildConfigurationList = 696FDA412F102DC300F3678F /* Build configuration list for PBXNativeTarget "ReMU" */;
			buildPhases = (
				696FDA322F102DC100F3678F /* Sources */,
				696FDA332F102DC100F3678F /* Frameworks */,
				696FDA342F102DC100F3678F /* Resources */,
			);
			buildRules = (
			);
			dependencies = (
			);
			fileSystemSynchronizedGroups = (
				696FDA382F102DC100F3678F /* ReMU */,
			);
			name = ReMU;
			packageProductDependencies = (
				4D0BB6D82F18A51200D80143 /* Moya */,
				9854D9342F2C7ADA00248052 /* KakaoSDKAuth */,
				9854D9362F2C7ADA00248052 /* KakaoSDKCommon */,
				9854D9382F2C7ADA00248052 /* KakaoSDKUser */,
				9854DD922F342FA300248052 /* Kingfisher */,
			);
			productName = ReMU;
			productReference = 696FDA362F102DC100F3678F /* ReMU.app */;
			productType = "com.apple.product-type.application";
		};
		9854DD092F2FAA0900248052 /* ReMU_Tests */ = {
			isa = PBXNativeTarget;
			buildConfigurationList = 9854DD102F2FAA0900248052 /* Build configuration list for PBXNativeTarget "ReMU_Tests" */;
			buildPhases = (
				9854DD062F2FAA0900248052 /* Sources */,
				9854DD072F2FAA0900248052 /* Frameworks */,
				9854DD082F2FAA0900248052 /* Resources */,
			);
			buildRules = (
			);
			dependencies = (
				9854DD0F2F2FAA0900248052 /* PBXTargetDependency */,
			);
			fileSystemSynchronizedGroups = (
				9854DD0B2F2FAA0900248052 /* ReMU_Tests */,
			);
			name = ReMU_Tests;
			packageProductDependencies = (
			);
			productName = ReMU_Tests;
			productReference = 9854DD0A2F2FAA0900248052 /* ReMU_Tests.xctest */;
			productType = "com.apple.product-type.bundle.unit-test";
		};
/* End PBXNativeTarget section */

/* Begin PBXProject section */
		696FDA2E2F102DC100F3678F /* Project object */ = {
			isa = PBXProject;
			attributes = {
				BuildIndependentTargetsInParallel = 1;
				LastSwiftUpdateCheck = 2600;
				LastUpgradeCheck = 2600;
				TargetAttributes = {
					696FDA352F102DC100F3678F = {
						CreatedOnToolsVersion = 26.0.1;
					};
					9854DD092F2FAA0900248052 = {
						CreatedOnToolsVersion = 26.0;
						TestTargetID = 696FDA352F102DC100F3678F;
					};
				};
			};
			buildConfigurationList = 696FDA312F102DC100F3678F /* Build configuration list for PBXProject "ReMU" */;
			developmentRegion = en;
			hasScannedForEncodings = 0;
			knownRegions = (
				en,
				Base,
			);
			mainGroup = 696FDA2D2F102DC100F3678F;
			minimizedProjectReferenceProxies = 1;
			packageReferences = (
				4DB729AB2F17666F0047509B /* XCRemoteSwiftPackageReference "Moya" */,
				9854D9332F2C7ADA00248052 /* XCRemoteSwiftPackageReference "kakao-ios-sdk" */,
				9854DD912F342FA300248052 /* XCRemoteSwiftPackageReference "Kingfisher" */,
			);
			preferredProjectObjectVersion = 77;
			productRefGroup = 696FDA372F102DC100F3678F /* Products */;
			projectDirPath = "";
			projectRoot = "";
			targets = (
				696FDA352F102DC100F3678F /* ReMU */,
				9854DD092F2FAA0900248052 /* ReMU_Tests */,
			);
		};
/* End PBXProject section */

/* Begin PBXResourcesBuildPhase section */
		696FDA342F102DC100F3678F /* Resources */ = {
			isa = PBXResourcesBuildPhase;
			buildActionMask = 2147483647;
			files = (
			);
			runOnlyForDeploymentPostprocessing = 0;
		};
		9854DD082F2FAA0900248052 /* Resources */ = {
			isa = PBXResourcesBuildPhase;
			buildActionMask = 2147483647;
			files = (
			);
			runOnlyForDeploymentPostprocessing = 0;
		};
/* End PBXResourcesBuildPhase section */

/* Begin PBXSourcesBuildPhase section */
		696FDA322F102DC100F3678F /* Sources */ = {
			isa = PBXSourcesBuildPhase;
			buildActionMask = 2147483647;
			files = (
			);
			runOnlyForDeploymentPostprocessing = 0;
		};
		9854DD062F2FAA0900248052 /* Sources */ = {
			isa = PBXSourcesBuildPhase;
			buildActionMask = 2147483647;
			files = (
			);
			runOnlyForDeploymentPostprocessing = 0;
		};
/* End PBXSourcesBuildPhase section */

/* Begin PBXTargetDependency section */
		9854DD0F2F2FAA0900248052 /* PBXTargetDependency */ = {
			isa = PBXTargetDependency;
			target = 696FDA352F102DC100F3678F /* ReMU */;
			targetProxy = 9854DD0E2F2FAA0900248052 /* PBXContainerItemProxy */;
		};
/* End PBXTargetDependency section */

/* Begin XCBuildConfiguration section */
		696FDA3F2F102DC300F3678F /* Debug */ = {
			isa = XCBuildConfiguration;
			baseConfigurationReferenceAnchor = 696FDA382F102DC100F3678F /* ReMU */;
			baseConfigurationReferenceRelativePath = Config.xcconfig;
			buildSettings = {
				ALWAYS_SEARCH_USER_PATHS = NO;
				ASSETCATALOG_COMPILER_GENERATE_SWIFT_ASSET_SYMBOL_EXTENSIONS = YES;
				CLANG_ANALYZER_NONNULL = YES;
				CLANG_ANALYZER_NUMBER_OBJECT_CONVERSION = YES_AGGRESSIVE;
				CLANG_CXX_LANGUAGE_STANDARD = "gnu++20";
				CLANG_ENABLE_MODULES = YES;
				CLANG_ENABLE_OBJC_ARC = YES;
				CLANG_ENABLE_OBJC_WEAK = YES;
				CLANG_WARN_BLOCK_CAPTURE_AUTORELEASING = YES;
				CLANG_WARN_BOOL_CONVERSION = YES;
				CLANG_WARN_COMMA = YES;
				CLANG_WARN_CONSTANT_CONVERSION = YES;
				CLANG_WARN_DEPRECATED_OBJC_IMPLEMENTATIONS = YES;
				CLANG_WARN_DIRECT_OBJC_ISA_USAGE = YES_ERROR;
				CLANG_WARN_DOCUMENTATION_COMMENTS = YES;
				CLANG_WARN_EMPTY_BODY = YES;
				CLANG_WARN_ENUM_CONVERSION = YES;
				CLANG_WARN_INFINITE_RECURSION = YES;
				CLANG_WARN_INT_CONVERSION = YES;
				CLANG_WARN_NON_LITERAL_NULL_CONVERSION = YES;
				CLANG_WARN_OBJC_IMPLICIT_RETAIN_SELF = YES;
				CLANG_WARN_OBJC_LITERAL_CONVERSION = YES;
				CLANG_WARN_OBJC_ROOT_CLASS = YES_ERROR;
				CLANG_WARN_QUOTED_INCLUDE_IN_FRAMEWORK_HEADER = YES;
				CLANG_WARN_RANGE_LOOP_ANALYSIS = YES;
				CLANG_WARN_STRICT_PROTOTYPES = YES;
				CLANG_WARN_SUSPICIOUS_MOVE = YES;
				CLANG_WARN_UNGUARDED_AVAILABILITY = YES_AGGRESSIVE;
				CLANG_WARN_UNREACHABLE_CODE = YES;
				CLANG_WARN__DUPLICATE_METHOD_MATCH = YES;
				COPY_PHASE_STRIP = NO;
				DEBUG_INFORMATION_FORMAT = dwarf;
				ENABLE_STRICT_OBJC_MSGSEND = YES;
				ENABLE_TESTABILITY = YES;
				ENABLE_USER_SCRIPT_SANDBOXING = YES;
				GCC_C_LANGUAGE_STANDARD = gnu17;
				GCC_DYNAMIC_NO_PIC = NO;
				GCC_NO_COMMON_BLOCKS = YES;
				GCC_OPTIMIZATION_LEVEL = 0;
				GCC_PREPROCESSOR_DEFINITIONS = (
					"DEBUG=1",
					"$(inherited)",
				);
				GCC_WARN_64_TO_32_BIT_CONVERSION = YES;
				GCC_WARN_ABOUT_RETURN_TYPE = YES_ERROR;
				GCC_WARN_UNDECLARED_SELECTOR = YES;
				GCC_WARN_UNINITIALIZED_AUTOS = YES_AGGRESSIVE;
				GCC_WARN_UNUSED_FUNCTION = YES;
				GCC_WARN_UNUSED_VARIABLE = YES;
				IPHONEOS_DEPLOYMENT_TARGET = 26.0;
				LOCALIZATION_PREFERS_STRING_CATALOGS = YES;
				MTL_ENABLE_DEBUG_INFO = INCLUDE_SOURCE;
				MTL_FAST_MATH = YES;
				ONLY_ACTIVE_ARCH = YES;
				SDKROOT = iphoneos;
				SWIFT_ACTIVE_COMPILATION_CONDITIONS = "DEBUG $(inherited)";
				SWIFT_OPTIMIZATION_LEVEL = "-Onone";
			};
			name = Debug;
		};
		696FDA402F102DC300F3678F /* Release */ = {
			isa = XCBuildConfiguration;
			baseConfigurationReferenceAnchor = 696FDA382F102DC100F3678F /* ReMU */;
			baseConfigurationReferenceRelativePath = Config.xcconfig;
			buildSettings = {
				ALWAYS_SEARCH_USER_PATHS = NO;
				ASSETCATALOG_COMPILER_GENERATE_SWIFT_ASSET_SYMBOL_EXTENSIONS = YES;
				CLANG_ANALYZER_NONNULL = YES;
				CLANG_ANALYZER_NUMBER_OBJECT_CONVERSION = YES_AGGRESSIVE;
				CLANG_CXX_LANGUAGE_STANDARD = "gnu++20";
				CLANG_ENABLE_MODULES = YES;
				CLANG_ENABLE_OBJC_ARC = YES;
				CLANG_ENABLE_OBJC_WEAK = YES;
				CLANG_WARN_BLOCK_CAPTURE_AUTORELEASING = YES;
				CLANG_WARN_BOOL_CONVERSION = YES;
				CLANG_WARN_COMMA = YES;
				CLANG_WARN_CONSTANT_CONVERSION = YES;
				CLANG_WARN_DEPRECATED_OBJC_IMPLEMENTATIONS = YES;
				CLANG_WARN_DIRECT_OBJC_ISA_USAGE = YES_ERROR;
				CLANG_WARN_DOCUMENTATION_COMMENTS = YES;
				CLANG_WARN_EMPTY_BODY = YES;
				CLANG_WARN_ENUM_CONVERSION = YES;
				CLANG_WARN_INFINITE_RECURSION = YES;
				CLANG_WARN_INT_CONVERSION = YES;
				CLANG_WARN_NON_LITERAL_NULL_CONVERSION = YES;
				CLANG_WARN_OBJC_IMPLICIT_RETAIN_SELF = YES;
				CLANG_WARN_OBJC_LITERAL_CONVERSION = YES;
				CLANG_WARN_OBJC_ROOT_CLASS = YES_ERROR;
				CLANG_WARN_QUOTED_INCLUDE_IN_FRAMEWORK_HEADER = YES;
				CLANG_WARN_RANGE_LOOP_ANALYSIS = YES;
				CLANG_WARN_STRICT_PROTOTYPES = YES;
				CLANG_WARN_SUSPICIOUS_MOVE = YES;
				CLANG_WARN_UNGUARDED_AVAILABILITY = YES_AGGRESSIVE;
				CLANG_WARN_UNREACHABLE_CODE = YES;
				CLANG_WARN__DUPLICATE_METHOD_MATCH = YES;
				COPY_PHASE_STRIP = NO;
				DEBUG_INFORMATION_FORMAT = "dwarf-with-dsym";
				ENABLE_NS_ASSERTIONS = NO;
				ENABLE_STRICT_OBJC_MSGSEND = YES;
				ENABLE_USER_SCRIPT_SANDBOXING = YES;
				GCC_C_LANGUAGE_STANDARD = gnu17;
				GCC_NO_COMMON_BLOCKS = YES;
				GCC_WARN_64_TO_32_BIT_CONVERSION = YES;
				GCC_WARN_ABOUT_RETURN_TYPE = YES_ERROR;
				GCC_WARN_UNDECLARED_SELECTOR = YES;
				GCC_WARN_UNINITIALIZED_AUTOS = YES_AGGRESSIVE;
				GCC_WARN_UNUSED_FUNCTION = YES;
				GCC_WARN_UNUSED_VARIABLE = YES;
				IPHONEOS_DEPLOYMENT_TARGET = 26.0;
				LOCALIZATION_PREFERS_STRING_CATALOGS = YES;
				MTL_ENABLE_DEBUG_INFO = NO;
				MTL_FAST_MATH = YES;
				SDKROOT = iphoneos;
				SWIFT_COMPILATION_MODE = wholemodule;
				VALIDATE_PRODUCT = YES;
			};
			name = Release;
		};
		696FDA422F102DC300F3678F /* Debug */ = {
			isa = XCBuildConfiguration;
			baseConfigurationReferenceAnchor = 696FDA382F102DC100F3678F /* ReMU */;
			baseConfigurationReferenceRelativePath = Config.xcconfig;
			buildSettings = {
				ASSETCATALOG_COMPILER_APPICON_NAME = AppIcon;
				ASSETCATALOG_COMPILER_GLOBAL_ACCENT_COLOR_NAME = AccentColor;
				CODE_SIGN_STYLE = Automatic;
				CURRENT_PROJECT_VERSION = 1;
				ENABLE_PREVIEWS = YES;
				GENERATE_INFOPLIST_FILE = YES;
				INFOPLIST_FILE = ReMU/Info.plist;
				INFOPLIST_KEY_NSPhotoLibraryAddUsageDescription = "사진 앨범 접근 권한이 필요합니다.";
				INFOPLIST_KEY_UIApplicationSceneManifest_Generation = YES;
				INFOPLIST_KEY_UIApplicationSupportsIndirectInputEvents = YES;
				INFOPLIST_KEY_UILaunchScreen_Generation = YES;
				INFOPLIST_KEY_UISupportedInterfaceOrientations_iPad = "UIInterfaceOrientationPortrait UIInterfaceOrientationPortraitUpsideDown UIInterfaceOrientationLandscapeLeft UIInterfaceOrientationLandscapeRight";
				INFOPLIST_KEY_UISupportedInterfaceOrientations_iPhone = "UIInterfaceOrientationPortrait UIInterfaceOrientationLandscapeLeft UIInterfaceOrientationLandscapeRight";
				LD_RUNPATH_SEARCH_PATHS = (
					"$(inherited)",
					"@executable_path/Frameworks",
				);
				MARKETING_VERSION = 1.0;
				PRODUCT_BUNDLE_IDENTIFIER = com.jinseo.ReMU;
				PRODUCT_NAME = "$(TARGET_NAME)";
				STRING_CATALOG_GENERATE_SYMBOLS = YES;
				SWIFT_APPROACHABLE_CONCURRENCY = YES;
				SWIFT_DEFAULT_ACTOR_ISOLATION = MainActor;
				SWIFT_EMIT_LOC_STRINGS = YES;
				SWIFT_UPCOMING_FEATURE_MEMBER_IMPORT_VISIBILITY = YES;
				SWIFT_VERSION = 5.0;
				TARGETED_DEVICE_FAMILY = "1,2";
			};
			name = Debug;
		};
		696FDA432F102DC300F3678F /* Release */ = {
			isa = XCBuildConfiguration;
			baseConfigurationReferenceAnchor = 696FDA382F102DC100F3678F /* ReMU */;
			baseConfigurationReferenceRelativePath = Config.xcconfig;
			buildSettings = {
				ASSETCATALOG_COMPILER_APPICON_NAME = AppIcon;
				ASSETCATALOG_COMPILER_GLOBAL_ACCENT_COLOR_NAME = AccentColor;
				CODE_SIGN_STYLE = Automatic;
				CURRENT_PROJECT_VERSION = 1;
				ENABLE_PREVIEWS = YES;
				GENERATE_INFOPLIST_FILE = YES;
				INFOPLIST_FILE = ReMU/Info.plist;
				INFOPLIST_KEY_NSPhotoLibraryAddUsageDescription = "사진 앨범 접근 권한이 필요합니다.";
				INFOPLIST_KEY_UIApplicationSceneManifest_Generation = YES;
				INFOPLIST_KEY_UIApplicationSupportsIndirectInputEvents = YES;
				INFOPLIST_KEY_UILaunchScreen_Generation = YES;
				INFOPLIST_KEY_UISupportedInterfaceOrientations_iPad = "UIInterfaceOrientationPortrait UIInterfaceOrientationPortraitUpsideDown UIInterfaceOrientationLandscapeLeft UIInterfaceOrientationLandscapeRight";
				INFOPLIST_KEY_UISupportedInterfaceOrientations_iPhone = "UIInterfaceOrientationPortrait UIInterfaceOrientationLandscapeLeft UIInterfaceOrientationLandscapeRight";
				LD_RUNPATH_SEARCH_PATHS = (
					"$(inherited)",
					"@executable_path/Frameworks",
				);
				MARKETING_VERSION = 1.0;
				PRODUCT_BUNDLE_IDENTIFIER = com.jinseo.ReMU;
				PRODUCT_NAME = "$(TARGET_NAME)";
				STRING_CATALOG_GENERATE_SYMBOLS = YES;
				SWIFT_APPROACHABLE_CONCURRENCY = YES;
				SWIFT_DEFAULT_ACTOR_ISOLATION = MainActor;
				SWIFT_EMIT_LOC_STRINGS = YES;
				SWIFT_UPCOMING_FEATURE_MEMBER_IMPORT_VISIBILITY = YES;
				SWIFT_VERSION = 5.0;
				TARGETED_DEVICE_FAMILY = "1,2";
			};
			name = Release;
		};
		9854DD112F2FAA0900248052 /* Debug */ = {
			isa = XCBuildConfiguration;
			buildSettings = {
				BUNDLE_LOADER = "$(TEST_HOST)";
				CODE_SIGN_STYLE = Automatic;
				CURRENT_PROJECT_VERSION = 1;
				GENERATE_INFOPLIST_FILE = YES;
				MARKETING_VERSION = 1.0;
				PRODUCT_BUNDLE_IDENTIFIER = "UMC.ReMU-Tests";
				PRODUCT_NAME = "$(TARGET_NAME)";
				STRING_CATALOG_GENERATE_SYMBOLS = NO;
				SWIFT_APPROACHABLE_CONCURRENCY = YES;
				SWIFT_EMIT_LOC_STRINGS = NO;
				SWIFT_UPCOMING_FEATURE_MEMBER_IMPORT_VISIBILITY = YES;
				SWIFT_VERSION = 5.0;
				TARGETED_DEVICE_FAMILY = "1,2";
				TEST_HOST = "$(BUILT_PRODUCTS_DIR)/ReMU.app/$(BUNDLE_EXECUTABLE_FOLDER_PATH)/ReMU";
			};
			name = Debug;
		};
		9854DD122F2FAA0900248052 /* Release */ = {
			isa = XCBuildConfiguration;
			buildSettings = {
				BUNDLE_LOADER = "$(TEST_HOST)";
				CODE_SIGN_STYLE = Automatic;
				CURRENT_PROJECT_VERSION = 1;
				GENERATE_INFOPLIST_FILE = YES;
				MARKETING_VERSION = 1.0;
				PRODUCT_BUNDLE_IDENTIFIER = "UMC.ReMU-Tests";
				PRODUCT_NAME = "$(TARGET_NAME)";
				STRING_CATALOG_GENERATE_SYMBOLS = NO;
				SWIFT_APPROACHABLE_CONCURRENCY = YES;
				SWIFT_EMIT_LOC_STRINGS = NO;
				SWIFT_UPCOMING_FEATURE_MEMBER_IMPORT_VISIBILITY = YES;
				SWIFT_VERSION = 5.0;
				TARGETED_DEVICE_FAMILY = "1,2";
				TEST_HOST = "$(BUILT_PRODUCTS_DIR)/ReMU.app/$(BUNDLE_EXECUTABLE_FOLDER_PATH)/ReMU";
			};
			name = Release;
		};
/* End XCBuildConfiguration section */

/* Begin XCConfigurationList section */
		696FDA312F102DC100F3678F /* Build configuration list for PBXProject "ReMU" */ = {
			isa = XCConfigurationList;
			buildConfigurations = (
				696FDA3F2F102DC300F3678F /* Debug */,
				696FDA402F102DC300F3678F /* Release */,
			);
			defaultConfigurationIsVisible = 0;
			defaultConfigurationName = Release;
		};
		696FDA412F102DC300F3678F /* Build configuration list for PBXNativeTarget "ReMU" */ = {
			isa = XCConfigurationList;
			buildConfigurations = (
				696FDA422F102DC300F3678F /* Debug */,
				696FDA432F102DC300F3678F /* Release */,
			);
			defaultConfigurationIsVisible = 0;
			defaultConfigurationName = Release;
		};
		9854DD102F2FAA0900248052 /* Build configuration list for PBXNativeTarget "ReMU_Tests" */ = {
			isa = XCConfigurationList;
			buildConfigurations = (
				9854DD112F2FAA0900248052 /* Debug */,
				9854DD122F2FAA0900248052 /* Release */,
			);
			defaultConfigurationIsVisible = 0;
			defaultConfigurationName = Release;
		};
/* End XCConfigurationList section */

/* Begin XCRemoteSwiftPackageReference section */
		4DB729AB2F17666F0047509B /* XCRemoteSwiftPackageReference "Moya" */ = {
			isa = XCRemoteSwiftPackageReference;
			repositoryURL = "https://github.com/Moya/Moya.git";
			requirement = {
				kind = upToNextMajorVersion;
				minimumVersion = 15.0.3;
			};
		};
		9854D9332F2C7ADA00248052 /* XCRemoteSwiftPackageReference "kakao-ios-sdk" */ = {
			isa = XCRemoteSwiftPackageReference;
			repositoryURL = "https://github.com/kakao/kakao-ios-sdk";
			requirement = {
				kind = upToNextMajorVersion;
				minimumVersion = 2.27.2;
			};
		};
		9854DD912F342FA300248052 /* XCRemoteSwiftPackageReference "Kingfisher" */ = {
			isa = XCRemoteSwiftPackageReference;
			repositoryURL = "https://github.com/onevcat/Kingfisher";
			requirement = {
				kind = upToNextMajorVersion;
				minimumVersion = 8.6.2;
			};
		};
/* End XCRemoteSwiftPackageReference section */

/* Begin XCSwiftPackageProductDependency section */
		4D0BB6D82F18A51200D80143 /* Moya */ = {
			isa = XCSwiftPackageProductDependency;
			package = 4DB729AB2F17666F0047509B /* XCRemoteSwiftPackageReference "Moya" */;
			productName = Moya;
		};
		9854D9342F2C7ADA00248052 /* KakaoSDKAuth */ = {
			isa = XCSwiftPackageProductDependency;
			package = 9854D9332F2C7ADA00248052 /* XCRemoteSwiftPackageReference "kakao-ios-sdk" */;
			productName = KakaoSDKAuth;
		};
		9854D9362F2C7ADA00248052 /* KakaoSDKCommon */ = {
			isa = XCSwiftPackageProductDependency;
			package = 9854D9332F2C7ADA00248052 /* XCRemoteSwiftPackageReference "kakao-ios-sdk" */;
			productName = KakaoSDKCommon;
		};
		9854D9382F2C7ADA00248052 /* KakaoSDKUser */ = {
			isa = XCSwiftPackageProductDependency;
			package = 9854D9332F2C7ADA00248052 /* XCRemoteSwiftPackageReference "kakao-ios-sdk" */;
			productName = KakaoSDKUser;
		};
		9854DD922F342FA300248052 /* Kingfisher */ = {
			isa = XCSwiftPackageProductDependency;
			package = 9854DD912F342FA300248052 /* XCRemoteSwiftPackageReference "Kingfisher" */;
			productName = Kingfisher;
		};
/* End XCSwiftPackageProductDependency section */
	};
	rootObject = 696FDA2E2F102DC100F3678F /* Project object */;
}
